{
  "version": 4,
  "terraform_version": "1.11.3",
  "serial": 17,
  "lineage": "33a06b34-bcd5-5528-8e0f-a4599c28422c",
  "outputs": {},
  "resources": [
    {
      "mode": "managed",
      "type": "aiven_kafka",
      "name": "kafka",
      "provider": "provider[\"registry.terraform.io/aiven/aiven\"]",
      "instances": [
        {
          "schema_version": 1,
          "attributes": {
            "additional_disk_space": "0B",
            "cloud_name": "google-europe-west1",
            "components": [
              {
                "component": "kafka",
                "connection_uri": "demo-kafka-real-time-demo.e.aivencloud.com:11859",
                "host": "demo-kafka-real-time-demo.e.aivencloud.com",
                "kafka_authentication_method": "certificate",
                "port": 11859,
                "route": "dynamic",
                "ssl": true,
                "usage": "primary"
              }
            ],
            "default_acl": true,
            "disk_space": null,
            "disk_space_cap": "3000GiB",
            "disk_space_default": "600GiB",
            "disk_space_step": "30GiB",
            "disk_space_used": "600GiB",
            "id": "real-time-demo/demo-kafka",
            "kafka": [
              {
                "access_cert": "-----BEGIN CERTIFICATE-----\nMIIEYzCCAsugAwIBAgIUOofqXelq0fwlv/7RzXLJjjM1XhgwDQYJKoZIhvcNAQEM\nBQAwQDE+MDwGA1UEAww1NGZkY2ZiZGItNTU3MC00ODM5LWIzNzgtZDQ4YTZkYWVh\nZjk5IEdFTiAxIFByb2plY3QgQ0EwHhcNMjUwNDA3MTYzMDAwWhcNMjcwNzA2MTYz\nMDAwWjA7MRMwEQYDVQQKDApkZW1vLWthZmthMREwDwYDVQQLDAh1NWw2ejZtOTER\nMA8GA1UEAwwIYXZuYWRtaW4wggGiMA0GCSqGSIb3DQEBAQUAA4IBjwAwggGKAoIB\ngQC8/e9bSd5dVZPWIM/6R+JyC7EmhZfepPamSY+gR/NiyUq10HrmHajMWOUdz9Ch\ncqgOh3TL+SdzpfeBLzfiCP9/S+84RhgpeNSOyq4WRAHyAN5O7Dhst+KyIsxdzf9H\n66knCipE1Ung2fBdMxndFIHm01D/6nhPlKt4u9GiVHpCeRaiPu7itypucs8PdUnF\n+Gkyo49d3uwXlncXGnT+h8NTyY5eQlM5MAh3paVPbK2/L2nJW5WWJej7qLjUVU0w\nnuhqo8N9dUnCTqddZru9LgrWSR3i+sBrOipF/BrPS1k3GrIX/FxxAu8yFWgChWx/\nswUmr6mc/RsVSNqd+B7mrXfWpK3zR0BNEUTRGWzH6ltU8gN6/S1lB6Ulu44WU5dG\nhtJu6R+zt5qBmrbfnovwEyCjaeWsZPbaJ/sgiyDgzV1BrdBgndfXe4bf+JruXmmB\n8vvadawhvj83ANFsGIrtHnVQmrwynDV5cmIvQ2NwO6+fl6UZd6xg70k4vHIrAhf6\nSkMCAwEAAaNaMFgwHQYDVR0OBBYEFJnK0B/+aVJ9U9ZRt9KhCT6DHma2MAkGA1Ud\nEwQCMAAwCwYDVR0PBAQDAgWgMB8GA1UdIwQYMBaAFI38+kMyyUd0MHHxLXSWryvn\n0mn2MA0GCSqGSIb3DQEBDAUAA4IBgQBTIBSW5SVN8Yjy3RmYZn7985lGkLqd2y5J\nIWiuTAXoX4AS80J1LCynStLfOKZiWAI3/mTIG5KJMS1VnwFtX+pI7vUv328AmvRe\noOCFkUpeA23RBpmCzemzf0dCljqW2NvrZeX0FLA27NoU7jEJh0+pcfKhIrWlI9n2\nhcLMvZJSkNvxLgzDRBH7W4fPwFZtkm6sW9bVC7x0TP+UmeZQgfdZsj9q/loI887k\nFJqwhd1fb3sSsmVgGWlgEVmJBX1MKmlIBSGBbwQdGv6L1NVMiIx5eKhNhRidHb7B\nmvaYdnJGIhzmTY0g1A3/j+t5xYgn84jr0AOFPrQwNV0sokcO6D3OkMy08/tBUoFm\nBTCnAF9EC4mS5N9e3AHZ/fnXsvnNE3nNi9uOAFxzQVOh3oxck7D7fLN3Et0RFNu1\nhPpOlzwyVW8PMbSjNIptCk6h1lPrWAMraWsjCIlGCmyv/zTEcE+WSC192jf64h+t\nptWP9nnJcsquSN3/dkDjtHScYgex1xc=\n-----END CERTIFICATE-----\n",
                "access_key": "-----BEGIN PRIVATE KEY-----\nMIIG/QIBADANBgkqhkiG9w0BAQEFAASCBucwggbjAgEAAoIBgQC8/e9bSd5dVZPW\nIM/6R+JyC7EmhZfepPamSY+gR/NiyUq10HrmHajMWOUdz9ChcqgOh3TL+SdzpfeB\nLzfiCP9/S+84RhgpeNSOyq4WRAHyAN5O7Dhst+KyIsxdzf9H66knCipE1Ung2fBd\nMxndFIHm01D/6nhPlKt4u9GiVHpCeRaiPu7itypucs8PdUnF+Gkyo49d3uwXlncX\nGnT+h8NTyY5eQlM5MAh3paVPbK2/L2nJW5WWJej7qLjUVU0wnuhqo8N9dUnCTqdd\nZru9LgrWSR3i+sBrOipF/BrPS1k3GrIX/FxxAu8yFWgChWx/swUmr6mc/RsVSNqd\n+B7mrXfWpK3zR0BNEUTRGWzH6ltU8gN6/S1lB6Ulu44WU5dGhtJu6R+zt5qBmrbf\nnovwEyCjaeWsZPbaJ/sgiyDgzV1BrdBgndfXe4bf+JruXmmB8vvadawhvj83ANFs\nGIrtHnVQmrwynDV5cmIvQ2NwO6+fl6UZd6xg70k4vHIrAhf6SkMCAwEAAQKCAYAw\nZva00hPVopO0vP2W828e1zi9DWzqVCRpTSCwI41FaRktvGGlasYu47t2KaGcn6FD\n61Qx4zND7qcXWlD9HmHVJ8zyBB2vDWee1HDGeg9ne+pzmxMOYP/5sGjXw2jUchoF\nyhguPdPodtiU/f/rO5PTWp59lH7QntpVlwCnCuyu9pUh421J+jAvTk8Sfe7xeV/z\n3KjcmTmtBtekPp3lDD8tx8qjAGiRFmisv+s5DrPm6Y01yTNj23yyazE/DEOzJpcd\nS3lA8HRTLhOE9HKJzGCBhlvKW8ocKQEAkt7iD3DRxF/7dZw5jDq+L0Doi5KkOZ3y\nHPPcrDStkQZAF1QbmBD3ROujaMqYgUBoFc3OAUZIXDAQGVhuqFmga39TFvITTnKo\nuycrLkQXAjTc4/CfHqWVtxzCPK1Ycs5ipwAd6lzJYRjV6Wz8mh3URp+C1uMwoUjQ\n+W4MG0hNuO23AS1TG1G38VoYlvxC/ZsZ8wd2ayxM91ATSb3s/lHZHaEg6RbULiEC\ngcEA9hyc4BLI84c4XfQRDAWGNhRjqpzu/WwxJsS7YBWjNtdXBFxPUy7r+2HDvwE+\ntt4S5lG4HZ7wFMA9HO9mAM1VUvhQ9gsIEcODGmUBXeyfdqXg0jFnCrLadIXt68rI\nSf9eMTCCIjUzJ2tcWnQO5ftGR32x+0ySFsAhG9F6SZWwbcaaVUqgQUuvxC/kC6iC\nnO5+185u77vgpfi3GIPmqCoD47/OeLx4W15bhreEsb8ruxZcwzWa7auyfO/6l97/\nE4njAoHBAMSV0KenaI4DIKWg35FKSB84b7+Hq6ZrPFow1Iyaeel1SZ2OiAQdHJwe\n/hwVBpzFoWlUBa6OmIvvdK4KwWEcQgkT/tkJCIam2oQl82XLq/8VF2v4xKrdsN2+\ncQU3QqPItgNqPHPn6wMunaavhIULX6J1/35YPOhQSC2Iu6HhCirVrOtkAuXLQspc\nb1SjXr7w3gKchDV5XkD4MCsp/lYx+witiZ6OXPIAYTuHjhlbUrmhItaELtxHcUCb\ndz0Uv7usIQKBwQCHFBk+GtFUaEkVuBmLIZUSJYq2X8AEM9eeUagOCpI0TWijKg8X\nts8qf/Qx53sGX0i8ROnqyAs5OHHSacrwccJ88XFuOYvKRCa22+0uIes78bs9YoQN\nqTChd8in+/qGMrT+BoPGRrC22AQuWTi8HXfrUR/Yr6QW/Iivff/CV3goKDMY0Qa4\nD9R+t1JQ28IkY/oWdGULC3E3ZxUHTY3Rio3r+KBYQAlHDLjrbdpUvHpCCvoK4mcQ\nP4aNcCF4LZqOnMUCgcBz2pLoazmsD93Knr+DIZLVi24YIz2eyy37PTHWVyen1W54\nA0rXmcyFmaJKLH4EIFia+WCL2g++0HUkKMSElaG5NeaIQ9GZgXXgUXlbMagAoY53\nHFnTFOmqFRUIbOPCIIRcCNztte0DqBJS7LedrPFEjmPvMtNaWg3ff+iMY1KZoenR\no9QtVxfaqJUX/VvWDZ/ZTCKCXS+V/G5u0cXJSJVYLOWg4ueV23FyItY0zWQ4b+VX\nJPl06kmtOLIR9kt0r+ECgcBAxdwsDV71goa40/F4N/OsvhbzKPGyFqC69ngm/UaQ\nqTZfizx+hrtRfsUK/ij882Q54BRK/uySmYDzYoRc8n7KxR2FB/jR8vUhB/8EhNAT\nBavmrcrUUT+fZ4anZokKY8wr5uqkxlM7bne++QFDACmBDCrLAURJgJDCWv/B3T+i\nua2PX4GKBLqLFVmmiLP2pTVDiwkLqxuEl/+Bdyuoi3t4knMtxP0OtmXB46GmbeSp\nXJyqsQQ4bmoGz4iJ8gALk+4=\n-----END PRIVATE KEY-----\n",
                "connect_uri": "https://avnadmin:AVNS_y3jpf4DuFDe5OWbBDKl@demo-kafka-real-time-demo.e.aivencloud.com:11857",
                "rest_uri": "https://avnadmin:AVNS_57SPQdW_WRT3_l_ePb9@demo-kafka-real-time-demo.e.aivencloud.com:11861",
                "schema_registry_uri": "https://avnadmin:AVNS_57SPQdW_WRT3_l_ePb9@demo-kafka-real-time-demo.e.aivencloud.com:11862",
                "uris": [
                  "35.205.162.138:11859",
                  "35.205.8.205:11859",
                  "34.34.144.62:11859"
                ]
              }
            ],
            "kafka_user_config": [
              {
                "additional_backup_regions": [],
                "aiven_kafka_topic_messages": false,
                "custom_domain": "",
                "follower_fetching": [],
                "ip_filter": [
                  "0.0.0.0/0",
                  "::/0"
                ],
                "ip_filter_object": [],
                "ip_filter_string": [],
                "kafka": [],
                "kafka_authentication_methods": [
                  {
                    "certificate": true,
                    "sasl": false
                  }
                ],
                "kafka_connect": false,
                "kafka_connect_config": [],
                "kafka_connect_secret_providers": [],
                "kafka_rest": false,
                "kafka_rest_authorization": false,
                "kafka_rest_config": [],
                "kafka_sasl_mechanisms": [],
                "kafka_version": "3.8",
                "letsencrypt_sasl_privatelink": false,
                "private_access": [],
                "privatelink_access": [],
                "public_access": [],
                "schema_registry": false,
                "schema_registry_config": [],
                "service_log": false,
                "single_zone": [],
                "static_ips": false,
                "tiered_storage": []
              }
            ],
            "karapace": null,
            "maintenance_window_dow": "monday",
            "maintenance_window_time": "13:45:08",
            "plan": "business-4",
            "project": "real-time-demo",
            "project_vpc_id": null,
            "service_host": "demo-kafka-real-time-demo.e.aivencloud.com",
            "service_integrations": [],
            "service_name": "demo-kafka",
            "service_password": "AVNS_57SPQdW_WRT3_l_ePb9",
            "service_port": 11859,
            "service_type": "kafka",
            "service_uri": "demo-kafka-real-time-demo.e.aivencloud.com:11859",
            "service_username": "avnadmin",
            "state": "RUNNING",
            "static_ips": [],
            "tag": [],
            "tech_emails": [],
            "termination_protection": false,
            "timeouts": null
          },
          "sensitive_attributes": [
            [
              {
                "type": "get_attr",
                "value": "service_uri"
              }
            ],
            [
              {
                "type": "get_attr",
                "value": "kafka"
              },
              {
                "type": "index",
                "value": {
                  "value": 0,
                  "type": "number"
                }
              },
              {
                "type": "get_attr",
                "value": "connect_uri"
              }
            ],
            [
              {
                "type": "get_attr",
                "value": "kafka"
              },
              {
                "type": "index",
                "value": {
                  "value": 0,
                  "type": "number"
                }
              },
              {
                "type": "get_attr",
                "value": "rest_uri"
              }
            ],
            [
              {
                "type": "get_attr",
                "value": "kafka"
              },
              {
                "type": "index",
                "value": {
                  "value": 0,
                  "type": "number"
                }
              },
              {
                "type": "get_attr",
                "value": "schema_registry_uri"
              }
            ],
            [
              {
                "type": "get_attr",
                "value": "kafka"
              },
              {
                "type": "index",
                "value": {
                  "value": 0,
                  "type": "number"
                }
              },
              {
                "type": "get_attr",
                "value": "uris"
              }
            ],
            [
              {
                "type": "get_attr",
                "value": "kafka"
              },
              {
                "type": "index",
                "value": {
                  "value": 0,
                  "type": "number"
                }
              },
              {
                "type": "get_attr",
                "value": "access_cert"
              }
            ],
            [
              {
                "type": "get_attr",
                "value": "kafka"
              },
              {
                "type": "index",
                "value": {
                  "value": 0,
                  "type": "number"
                }
              },
              {
                "type": "get_attr",
                "value": "access_key"
              }
            ],
            [
              {
                "type": "get_attr",
                "value": "service_password"
              }
            ]
          ],
          "private": "eyJlMmJmYjczMC1lY2FhLTExZTYtOGY4OC0zNDM2M2JjN2M0YzAiOnsiY3JlYXRlIjoxMjAwMDAwMDAwMDAwLCJkZWZhdWx0IjoxMjAwMDAwMDAwMDAwLCJkZWxldGUiOjEyMDAwMDAwMDAwMDAsInJlYWQiOjEyMDAwMDAwMDAwMDAsInVwZGF0ZSI6MTIwMDAwMDAwMDAwMH0sInNjaGVtYV92ZXJzaW9uIjoiMSJ9"
        }
      ]
    },
    {
      "mode": "managed",
      "type": "aiven_kafka_acl",
      "name": "clickstream_producer",
      "provider": "provider[\"registry.terraform.io/aiven/aiven\"]",
      "instances": [
        {
          "schema_version": 0,
          "attributes": {
            "acl_id": "acl52642a07766",
            "id": "real-time-demo/demo-kafka/acl52642a07766",
            "permission": "write",
            "project": "real-time-demo",
            "service_name": "demo-kafka",
            "timeouts": null,
            "topic": "clickstream-events",
            "username": "avnadmin"
          },
          "sensitive_attributes": [],
          "private": "eyJlMmJmYjczMC1lY2FhLTExZTYtOGY4OC0zNDM2M2JjN2M0YzAiOnsiY3JlYXRlIjoxMjAwMDAwMDAwMDAwLCJkZWZhdWx0IjoxMjAwMDAwMDAwMDAwLCJkZWxldGUiOjEyMDAwMDAwMDAwMDAsInJlYWQiOjEyMDAwMDAwMDAwMDAsInVwZGF0ZSI6MTIwMDAwMDAwMDAwMH19",
          "dependencies": [
            "aiven_kafka.kafka"
          ]
        }
      ]
    },
    {
      "mode": "managed",
      "type": "aiven_kafka_topic",
      "name": "clickstream",
      "provider": "provider[\"registry.terraform.io/aiven/aiven\"]",
      "instances": [
        {
          "schema_version": 1,
          "attributes": {
            "config": [
              {
                "cleanup_policy": "delete",
                "compression_type": "producer",
                "delete_retention_ms": "86400000",
                "file_delete_delay_ms": "60000",
                "flush_messages": "9223372036854776000",
                "flush_ms": "9223372036854776000",
                "index_interval_bytes": "4096",
                "local_retention_bytes": "-2",
                "local_retention_ms": "-2",
                "max_compaction_lag_ms": "9223372036854776000",
                "max_message_bytes": "1048588",
                "message_downconversion_enable": true,
                "message_format_version": "3.0-IV1",
                "message_timestamp_difference_max_ms": "9223372036854776000",
                "message_timestamp_type": "CreateTime",
                "min_cleanable_dirty_ratio": 0.5,
                "min_compaction_lag_ms": "0",
                "min_insync_replicas": "1",
                "preallocate": false,
                "remote_storage_enable": false,
                "retention_bytes": "-1",
                "retention_ms": "604800000",
                "segment_bytes": "1073741824",
                "segment_index_bytes": "10485760",
                "segment_jitter_ms": "0",
                "segment_ms": "604800000",
                "unclean_leader_election_enable": false
              }
            ],
            "id": "real-time-demo/demo-kafka/clickstream-events",
            "owner_user_group_id": "",
            "partitions": 3,
            "project": "real-time-demo",
            "replication": 2,
            "service_name": "demo-kafka",
            "tag": [],
            "termination_protection": false,
            "timeouts": null,
            "topic_description": "",
            "topic_name": "clickstream-events"
          },
          "sensitive_attributes": [],
          "private": "eyJlMmJmYjczMC1lY2FhLTExZTYtOGY4OC0zNDM2M2JjN2M0YzAiOnsiY3JlYXRlIjoxMjAwMDAwMDAwMDAwLCJkZWZhdWx0IjoxMjAwMDAwMDAwMDAwLCJkZWxldGUiOjEyMDAwMDAwMDAwMDAsInJlYWQiOjEyMDAwMDAwMDAwMDAsInVwZGF0ZSI6MTIwMDAwMDAwMDAwMH0sInNjaGVtYV92ZXJzaW9uIjoiMSJ9",
          "dependencies": [
            "aiven_kafka.kafka"
          ]
        }
      ]
    },
    {
      "mode": "managed",
      "type": "aiven_opensearch",
      "name": "opensearch",
      "provider": "provider[\"registry.terraform.io/aiven/aiven\"]",
      "instances": [
        {
          "schema_version": 1,
          "attributes": {
            "additional_disk_space": "0B",
            "cloud_name": "google-europe-west1",
            "components": [
              {
                "component": "opensearch",
                "connection_uri": "demo-opensearch-real-time-demo.e.aivencloud.com:11857",
                "host": "demo-opensearch-real-time-demo.e.aivencloud.com",
                "kafka_authentication_method": "",
                "port": 11857,
                "route": "dynamic",
                "ssl": true,
                "usage": "primary"
              },
              {
                "component": "opensearch_dashboards",
                "connection_uri": "demo-opensearch-real-time-demo.e.aivencloud.com:443",
                "host": "demo-opensearch-real-time-demo.e.aivencloud.com",
                "kafka_authentication_method": "",
                "port": 443,
                "route": "dynamic",
                "ssl": true,
                "usage": "primary"
              }
            ],
            "disk_space": null,
            "disk_space_cap": "400GiB",
            "disk_space_default": "80GiB",
            "disk_space_step": "10GiB",
            "disk_space_used": "80GiB",
            "id": "real-time-demo/demo-opensearch",
            "maintenance_window_dow": "wednesday",
            "maintenance_window_time": "22:38:15",
            "opensearch": [
              {
                "kibana_uri": "",
                "opensearch_dashboards_uri": "https://avnadmin:AVNS__2pghAaCYe5SJ9t0vdc@demo-opensearch-real-time-demo.e.aivencloud.com:443",
                "password": "AVNS__2pghAaCYe5SJ9t0vdc",
                "uris": [
                  "https://avnadmin:AVNS__2pghAaCYe5SJ9t0vdc@146.148.6.253:11857"
                ],
                "username": "avnadmin"
              }
            ],
            "opensearch_user_config": [
              {
                "additional_backup_regions": [],
                "azure_migration": [],
                "custom_domain": "",
                "disable_replication_factor_adjustment": false,
                "gcs_migration": [],
                "index_patterns": [],
                "index_rollup": [],
                "index_template": [],
                "ip_filter": [
                  "0.0.0.0/0",
                  "::/0"
                ],
                "ip_filter_object": [],
                "ip_filter_string": [],
                "keep_index_refresh_interval": false,
                "max_index_count": 0,
                "openid": [],
                "opensearch": [],
                "opensearch_dashboards": [],
                "opensearch_version": "2",
                "private_access": [],
                "privatelink_access": [],
                "project_to_fork_from": "",
                "public_access": [],
                "recovery_basebackup_name": "",
                "s3_migration": [],
                "saml": [],
                "service_log": false,
                "service_to_fork_from": "",
                "static_ips": false
              }
            ],
            "plan": "startup-4",
            "project": "real-time-demo",
            "project_vpc_id": null,
            "service_host": "demo-opensearch-real-time-demo.e.aivencloud.com",
            "service_integrations": [],
            "service_name": "demo-opensearch",
            "service_password": "AVNS__2pghAaCYe5SJ9t0vdc",
            "service_port": 11857,
            "service_type": "opensearch",
            "service_uri": "https://avnadmin:AVNS__2pghAaCYe5SJ9t0vdc@demo-opensearch-real-time-demo.e.aivencloud.com:11857",
            "service_username": "avnadmin",
            "state": "RUNNING",
            "static_ips": [],
            "tag": [],
            "tech_emails": [],
            "termination_protection": false,
            "timeouts": null
          },
          "sensitive_attributes": [
            [
              {
                "type": "get_attr",
                "value": "opensearch"
              },
              {
                "type": "index",
                "value": {
                  "value": 0,
                  "type": "number"
                }
              },
              {
                "type": "get_attr",
                "value": "uris"
              }
            ],
            [
              {
                "type": "get_attr",
                "value": "opensearch"
              },
              {
                "type": "index",
                "value": {
                  "value": 0,
                  "type": "number"
                }
              },
              {
                "type": "get_attr",
                "value": "username"
              }
            ],
            [
              {
                "type": "get_attr",
                "value": "opensearch"
              },
              {
                "type": "index",
                "value": {
                  "value": 0,
                  "type": "number"
                }
              },
              {
                "type": "get_attr",
                "value": "kibana_uri"
              }
            ],
            [
              {
                "type": "get_attr",
                "value": "opensearch"
              },
              {
                "type": "index",
                "value": {
                  "value": 0,
                  "type": "number"
                }
              },
              {
                "type": "get_attr",
                "value": "opensearch_dashboards_uri"
              }
            ],
            [
              {
                "type": "get_attr",
                "value": "opensearch"
              },
              {
                "type": "index",
                "value": {
                  "value": 0,
                  "type": "number"
                }
              },
              {
                "type": "get_attr",
                "value": "password"
              }
            ],
            [
              {
                "type": "get_attr",
                "value": "service_uri"
              }
            ],
            [
              {
                "type": "get_attr",
                "value": "service_password"
              }
            ]
          ],
          "private": "eyJlMmJmYjczMC1lY2FhLTExZTYtOGY4OC0zNDM2M2JjN2M0YzAiOnsiY3JlYXRlIjoxMjAwMDAwMDAwMDAwLCJkZWZhdWx0IjoxMjAwMDAwMDAwMDAwLCJkZWxldGUiOjEyMDAwMDAwMDAwMDAsInJlYWQiOjEyMDAwMDAwMDAwMDAsInVwZGF0ZSI6MTIwMDAwMDAwMDAwMH0sInNjaGVtYV92ZXJzaW9uIjoiMSJ9"
        }
      ]
    },
    {
      "mode": "managed",
      "type": "aiven_pg",
      "name": "postgresql",
      "provider": "provider[\"registry.terraform.io/aiven/aiven\"]",
      "instances": [
        {
          "schema_version": 1,
          "attributes": {
            "additional_disk_space": "0B",
            "cloud_name": "google-europe-west1",
            "components": [
              {
                "component": "pg",
                "connection_uri": "demo-postgres-real-time-demo.e.aivencloud.com:11857",
                "host": "demo-postgres-real-time-demo.e.aivencloud.com",
                "kafka_authentication_method": "",
                "port": 11857,
                "route": "dynamic",
                "ssl": true,
                "usage": "primary"
              },
              {
                "component": "pg",
                "connection_uri": "replica-demo-postgres-real-time-demo.e.aivencloud.com:11857",
                "host": "replica-demo-postgres-real-time-demo.e.aivencloud.com",
                "kafka_authentication_method": "",
                "port": 11857,
                "route": "dynamic",
                "ssl": true,
                "usage": "replica"
              },
              {
                "component": "pgbouncer",
                "connection_uri": "demo-postgres-real-time-demo.e.aivencloud.com:11858",
                "host": "demo-postgres-real-time-demo.e.aivencloud.com",
                "kafka_authentication_method": "",
                "port": 11858,
                "route": "dynamic",
                "ssl": true,
                "usage": "primary"
              },
              {
                "component": "pgbouncer",
                "connection_uri": "replica-demo-postgres-real-time-demo.e.aivencloud.com:11858",
                "host": "replica-demo-postgres-real-time-demo.e.aivencloud.com",
                "kafka_authentication_method": "",
                "port": 11858,
                "route": "dynamic",
                "ssl": true,
                "usage": "replica"
              }
            ],
            "disk_space": null,
            "disk_space_cap": "400GiB",
            "disk_space_default": "80GiB",
            "disk_space_step": "10GiB",
            "disk_space_used": "80GiB",
            "id": "real-time-demo/demo-postgres",
            "maintenance_window_dow": "wednesday",
            "maintenance_window_time": "12:45:08",
            "pg": [
              {
                "bouncer": "",
                "dbname": "defaultdb",
                "host": "34.79.137.247",
                "max_connections": 100,
                "params": [
                  {
                    "database_name": "defaultdb",
                    "host": "34.79.137.247",
                    "password": "AVNS_hGUNb1DXzjMRfty7wBK",
                    "port": 11857,
                    "sslmode": "require",
                    "user": "avnadmin"
                  }
                ],
                "password": "AVNS_hGUNb1DXzjMRfty7wBK",
                "port": 11857,
                "replica_uri": "postgres://avnadmin:AVNS_hGUNb1DXzjMRfty7wBK@replica-demo-postgres-real-time-demo.e.aivencloud.com:11857/defaultdb?sslmode=require",
                "sslmode": "require",
                "standby_uris": [
                  "postgres://avnadmin:AVNS_hGUNb1DXzjMRfty7wBK@34.34.131.157:11857/defaultdb?sslmode=require"
                ],
                "syncing_uris": [],
                "uri": "postgres://avnadmin:AVNS_hGUNb1DXzjMRfty7wBK@34.79.137.247:11857/defaultdb?sslmode=require",
                "uris": [
                  "postgres://avnadmin:AVNS_hGUNb1DXzjMRfty7wBK@34.79.137.247:11857/defaultdb?sslmode=require"
                ],
                "user": "avnadmin"
              }
            ],
            "pg_user_config": [
              {
                "additional_backup_regions": [],
                "admin_password": "",
                "admin_username": "",
                "backup_hour": 7,
                "backup_minute": 14,
                "enable_ipv6": false,
                "ip_filter": [
                  "0.0.0.0/0",
                  "::/0"
                ],
                "ip_filter_object": [],
                "ip_filter_string": [],
                "migration": [],
                "pg": [
                  {
                    "autovacuum_analyze_scale_factor": 0,
                    "autovacuum_analyze_threshold": 0,
                    "autovacuum_freeze_max_age": 0,
                    "autovacuum_max_workers": 0,
                    "autovacuum_naptime": 0,
                    "autovacuum_vacuum_cost_delay": 0,
                    "autovacuum_vacuum_cost_limit": 0,
                    "autovacuum_vacuum_scale_factor": 0,
                    "autovacuum_vacuum_threshold": 0,
                    "bgwriter_delay": 0,
                    "bgwriter_flush_after": 0,
                    "bgwriter_lru_maxpages": 0,
                    "bgwriter_lru_multiplier": 0,
                    "deadlock_timeout": 0,
                    "default_toast_compression": "",
                    "idle_in_transaction_session_timeout": 0,
                    "jit": false,
                    "log_autovacuum_min_duration": 0,
                    "log_error_verbosity": "",
                    "log_line_prefix": "",
                    "log_min_duration_statement": 0,
                    "log_temp_files": 0,
                    "max_files_per_process": 0,
                    "max_locks_per_transaction": 0,
                    "max_logical_replication_workers": 0,
                    "max_parallel_workers": 0,
                    "max_parallel_workers_per_gather": 0,
                    "max_pred_locks_per_transaction": 0,
                    "max_prepared_transactions": 0,
                    "max_replication_slots": 0,
                    "max_slot_wal_keep_size": 0,
                    "max_stack_depth": 0,
                    "max_standby_archive_delay": 0,
                    "max_standby_streaming_delay": 0,
                    "max_wal_senders": 0,
                    "max_worker_processes": 0,
                    "password_encryption": "md5",
                    "pg_partman_bgw__dot__interval": 0,
                    "pg_partman_bgw__dot__role": "",
                    "pg_stat_monitor__dot__pgsm_enable_query_plan": false,
                    "pg_stat_monitor__dot__pgsm_max_buckets": 0,
                    "pg_stat_statements__dot__track": "",
                    "temp_file_limit": 0,
                    "timezone": "",
                    "track_activity_query_size": 0,
                    "track_commit_timestamp": "",
                    "track_functions": "",
                    "track_io_timing": "",
                    "wal_sender_timeout": 0,
                    "wal_writer_delay": 0
                  }
                ],
                "pg_qualstats": [],
                "pg_read_replica": false,
                "pg_service_to_fork_from": "",
                "pg_stat_monitor_enable": false,
                "pg_version": "16",
                "pgaudit": [],
                "pgbouncer": [],
                "pglookout": [
                  {
                    "max_failover_replication_time_lag": 60
                  }
                ],
                "private_access": [],
                "privatelink_access": [],
                "project_to_fork_from": "",
                "public_access": [],
                "recovery_target_time": "",
                "service_log": false,
                "service_to_fork_from": "",
                "shared_buffers_percentage": 0,
                "static_ips": false,
                "synchronous_replication": "",
                "timescaledb": [],
                "variant": "",
                "work_mem": 0
              }
            ],
            "plan": "business-4",
            "project": "real-time-demo",
            "project_vpc_id": null,
            "service_host": "demo-postgres-real-time-demo.e.aivencloud.com",
            "service_integrations": [],
            "service_name": "demo-postgres",
            "service_password": "AVNS_hGUNb1DXzjMRfty7wBK",
            "service_port": 11857,
            "service_type": "pg",
            "service_uri": "postgres://avnadmin:AVNS_hGUNb1DXzjMRfty7wBK@demo-postgres-real-time-demo.e.aivencloud.com:11857/defaultdb?sslmode=require",
            "service_username": "avnadmin",
            "state": "RUNNING",
            "static_ips": [],
            "tag": [],
            "tech_emails": [],
            "termination_protection": false,
            "timeouts": null
          },
          "sensitive_attributes": [
            [
              {
                "type": "get_attr",
                "value": "pg"
              },
              {
                "type": "index",
                "value": {
                  "value": 0,
                  "type": "number"
                }
              },
              {
                "type": "get_attr",
                "value": "user"
              }
            ],
            [
              {
                "type": "get_attr",
                "value": "pg"
              },
              {
                "type": "index",
                "value": {
                  "value": 0,
                  "type": "number"
                }
              },
              {
                "type": "get_attr",
                "value": "sslmode"
              }
            ],
            [
              {
                "type": "get_attr",
                "value": "pg"
              },
              {
                "type": "index",
                "value": {
                  "value": 0,
                  "type": "number"
                }
              },
              {
                "type": "get_attr",
                "value": "port"
              }
            ],
            [
              {
                "type": "get_attr",
                "value": "pg"
              },
              {
                "type": "index",
                "value": {
                  "value": 0,
                  "type": "number"
                }
              },
              {
                "type": "get_attr",
                "value": "password"
              }
            ],
            [
              {
                "type": "get_attr",
                "value": "pg"
              },
              {
                "type": "index",
                "value": {
                  "value": 0,
                  "type": "number"
                }
              },
              {
                "type": "get_attr",
                "value": "max_connections"
              }
            ],
            [
              {
                "type": "get_attr",
                "value": "pg"
              },
              {
                "type": "index",
                "value": {
                  "value": 0,
                  "type": "number"
                }
              },
              {
                "type": "get_attr",
                "value": "uri"
              }
            ],
            [
              {
                "type": "get_attr",
                "value": "pg"
              },
              {
                "type": "index",
                "value": {
                  "value": 0,
                  "type": "number"
                }
              },
              {
                "type": "get_attr",
                "value": "bouncer"
              }
            ],
            [
              {
                "type": "get_attr",
                "value": "pg"
              },
              {
                "type": "index",
                "value": {
                  "value": 0,
                  "type": "number"
                }
              },
              {
                "type": "get_attr",
                "value": "params"
              },
              {
                "type": "index",
                "value": {
                  "value": 0,
                  "type": "number"
                }
              },
              {
                "type": "get_attr",
                "value": "password"
              }
            ],
            [
              {
                "type": "get_attr",
                "value": "pg"
              },
              {
                "type": "index",
                "value": {
                  "value": 0,
                  "type": "number"
                }
              },
              {
                "type": "get_attr",
                "value": "params"
              },
              {
                "type": "index",
                "value": {
                  "value": 0,
                  "type": "number"
                }
              },
              {
                "type": "get_attr",
                "value": "port"
              }
            ],
            [
              {
                "type": "get_attr",
                "value": "pg"
              },
              {
                "type": "index",
                "value": {
                  "value": 0,
                  "type": "number"
                }
              },
              {
                "type": "get_attr",
                "value": "params"
              },
              {
                "type": "index",
                "value": {
                  "value": 0,
                  "type": "number"
                }
              },
              {
                "type": "get_attr",
                "value": "sslmode"
              }
            ],
            [
              {
                "type": "get_attr",
                "value": "pg"
              },
              {
                "type": "index",
                "value": {
                  "value": 0,
                  "type": "number"
                }
              },
              {
                "type": "get_attr",
                "value": "params"
              },
              {
                "type": "index",
                "value": {
                  "value": 0,
                  "type": "number"
                }
              },
              {
                "type": "get_attr",
                "value": "user"
              }
            ],
            [
              {
                "type": "get_attr",
                "value": "pg"
              },
              {
                "type": "index",
                "value": {
                  "value": 0,
                  "type": "number"
                }
              },
              {
                "type": "get_attr",
                "value": "params"
              },
              {
                "type": "index",
                "value": {
                  "value": 0,
                  "type": "number"
                }
              },
              {
                "type": "get_attr",
                "value": "database_name"
              }
            ],
            [
              {
                "type": "get_attr",
                "value": "pg"
              },
              {
                "type": "index",
                "value": {
                  "value": 0,
                  "type": "number"
                }
              },
              {
                "type": "get_attr",
                "value": "params"
              },
              {
                "type": "index",
                "value": {
                  "value": 0,
                  "type": "number"
                }
              },
              {
                "type": "get_attr",
                "value": "host"
              }
            ],
            [
              {
                "type": "get_attr",
                "value": "pg"
              },
              {
                "type": "index",
                "value": {
                  "value": 0,
                  "type": "number"
                }
              },
              {
                "type": "get_attr",
                "value": "syncing_uris"
              }
            ],
            [
              {
                "type": "get_attr",
                "value": "pg"
              },
              {
                "type": "index",
                "value": {
                  "value": 0,
                  "type": "number"
                }
              },
              {
                "type": "get_attr",
                "value": "standby_uris"
              }
            ],
            [
              {
                "type": "get_attr",
                "value": "pg"
              },
              {
                "type": "index",
                "value": {
                  "value": 0,
                  "type": "number"
                }
              },
              {
                "type": "get_attr",
                "value": "replica_uri"
              }
            ],
            [
              {
                "type": "get_attr",
                "value": "pg"
              },
              {
                "type": "index",
                "value": {
                  "value": 0,
                  "type": "number"
                }
              },
              {
                "type": "get_attr",
                "value": "host"
              }
            ],
            [
              {
                "type": "get_attr",
                "value": "pg"
              },
              {
                "type": "index",
                "value": {
                  "value": 0,
                  "type": "number"
                }
              },
              {
                "type": "get_attr",
                "value": "dbname"
              }
            ],
            [
              {
                "type": "get_attr",
                "value": "pg"
              },
              {
                "type": "index",
                "value": {
                  "value": 0,
                  "type": "number"
                }
              },
              {
                "type": "get_attr",
                "value": "uris"
              }
            ],
            [
              {
                "type": "get_attr",
                "value": "service_password"
              }
            ],
            [
              {
                "type": "get_attr",
                "value": "service_uri"
              }
            ],
            [
              {
                "type": "get_attr",
                "value": "pg_user_config"
              },
              {
                "type": "index",
                "value": {
                  "value": 0,
                  "type": "number"
                }
              },
              {
                "type": "get_attr",
                "value": "admin_password"
              }
            ]
          ],
          "private": "eyJlMmJmYjczMC1lY2FhLTExZTYtOGY4OC0zNDM2M2JjN2M0YzAiOnsiY3JlYXRlIjoxMjAwMDAwMDAwMDAwLCJkZWZhdWx0IjoxMjAwMDAwMDAwMDAwLCJkZWxldGUiOjEyMDAwMDAwMDAwMDAsInJlYWQiOjEyMDAwMDAwMDAwMDAsInVwZGF0ZSI6MTIwMDAwMDAwMDAwMH0sInNjaGVtYV92ZXJzaW9uIjoiMSJ9"
        }
      ]
    }
  ],
  "check_results": null
}
